
Microsoft Visual Studio Solution File, Format Version 12.00
# Visual Studio Version 17
VisualStudioVersion = 17.2.32616.157
MinimumVisualStudioVersion = 10.0.40219.1
Project("{FAE04EC0-301F-11D3-BF4B-00C04F79EFBC}") = "Tao-OpenGL-Initialization-Test", "Tao-OpenGL-Initialization-Test\Tao-OpenGL-Initialization-Test.csproj", "{B9FE8E20-6485-4E51-AE7A-B2849A03E113}"
EndProject
Global
	GlobalSection(SolutionConfigurationPlatforms) = preSolution
		Debug|Any CPU = Debug|Any CPU
		Release|Any CPU = Release|Any CPU
	EndGlobalSection
	GlobalSection(ProjectConfigurationPlatforms) = postSolution
		{B9FE8E20-6485-4E51-AE7A-B2849A03E113}.Debug|Any CPU.ActiveCfg = Debug|Any CPU
		{B9FE8E20-6485-4E51-AE7A-B2849A03E113}.Debug|Any CPU.Build.0 = Debug|Any CPU
		{B9FE8E20-6485-4E51-AE7A-B2849A03E113}.Release|Any CPU.ActiveCfg = Release|Any CPU
		{B9FE8E20-6485-4E51-AE7A-B2849A03E113}.Release|Any CPU.Build.0 = Release|Any CPU
	EndGlobalSection
	GlobalSection(SolutionProperties) = preSolution
		HideSolutionNode = FALSE
	EndGlobalSection
	GlobalSection(ExtensibilityGlobals) = postSolution
		SolutionGuid = {5796DA0D-2297-402E-8BA1-C092C2D0F09E}
	EndGlobalSection
EndGlobal
